
Microsoft Visual Studio Solution File, Format Version 12.00
# Visual Studio Version 17
VisualStudioVersion = 17.10.35027.167
MinimumVisualStudioVersion = 10.0.40219.1
Project("{9A19103F-16F7-4668-BE54-9A1E7A4F7556}") = "FpAPIs", "FpAPIs.csproj", "{49F3911C-94E4-482B-9F8B-CD1DC5533BE6}"
EndProject
Project("{9A19103F-16F7-4668-BE54-9A1E7A4F7556}") = "Business", "..\Business\Business.csproj", "{D767D580-6493-4082-9C8F-909C0B432CD7}"
EndProject
Project("{9A19103F-16F7-4668-BE54-9A1E7A4F7556}") = "Common", "..\Common\Common.csproj", "{8E1454D1-86EF-4D13-BB24-055BB3DB173C}"
EndProject
Project("{9A19103F-16F7-4668-BE54-9A1E7A4F7556}") = "DataAccess", "..\DataAccess\DataAccess.csproj", "{BF4808E2-A849-4B84-9DD6-8C3827554872}"
EndProject
Global
	GlobalSection(SolutionConfigurationPlatforms) = preSolution
		Debug|Any CPU = Debug|Any CPU
		Release|Any CPU = Release|Any CPU
	EndGlobalSection
	GlobalSection(ProjectConfigurationPlatforms) = postSolution
		{49F3911C-94E4-482B-9F8B-CD1DC5533BE6}.Debug|Any CPU.ActiveCfg = Debug|Any CPU
		{49F3911C-94E4-482B-9F8B-CD1DC5533BE6}.Debug|Any CPU.Build.0 = Debug|Any CPU
		{49F3911C-94E4-482B-9F8B-CD1DC5533BE6}.Release|Any CPU.ActiveCfg = Release|Any CPU
		{49F3911C-94E4-482B-9F8B-CD1DC5533BE6}.Release|Any CPU.Build.0 = Release|Any CPU
		{D767D580-6493-4082-9C8F-909C0B432CD7}.Debug|Any CPU.ActiveCfg = Debug|Any CPU
		{D767D580-6493-4082-9C8F-909C0B432CD7}.Debug|Any CPU.Build.0 = Debug|Any CPU
		{D767D580-6493-4082-9C8F-909C0B432CD7}.Release|Any CPU.ActiveCfg = Release|Any CPU
		{D767D580-6493-4082-9C8F-909C0B432CD7}.Release|Any CPU.Build.0 = Release|Any CPU
		{8E1454D1-86EF-4D13-BB24-055BB3DB173C}.Debug|Any CPU.ActiveCfg = Debug|Any CPU
		{8E1454D1-86EF-4D13-BB24-055BB3DB173C}.Debug|Any CPU.Build.0 = Debug|Any CPU
		{8E1454D1-86EF-4D13-BB24-055BB3DB173C}.Release|Any CPU.ActiveCfg = Release|Any CPU
		{8E1454D1-86EF-4D13-BB24-055BB3DB173C}.Release|Any CPU.Build.0 = Release|Any CPU
		{BF4808E2-A849-4B84-9DD6-8C3827554872}.Debug|Any CPU.ActiveCfg = Debug|Any CPU
		{BF4808E2-A849-4B84-9DD6-8C3827554872}.Debug|Any CPU.Build.0 = Debug|Any CPU
		{BF4808E2-A849-4B84-9DD6-8C3827554872}.Release|Any CPU.ActiveCfg = Release|Any CPU
		{BF4808E2-A849-4B84-9DD6-8C3827554872}.Release|Any CPU.Build.0 = Release|Any CPU
	EndGlobalSection
	GlobalSection(SolutionProperties) = preSolution
		HideSolutionNode = FALSE
	EndGlobalSection
	GlobalSection(ExtensibilityGlobals) = postSolution
		SolutionGuid = {876C3BA7-3138-4977-9B51-14B3F73698A5}
	EndGlobalSection
EndGlobal
